PODS:
  - Alamofire (4.9.1)
  - FPSDK (0.1.0):
    - Alamofire
    - SnapKit
  - SnapKit (4.2.0)

DEPENDENCIES:
  - FPSDK (from `../`)

SPEC REPOS:
  trunk:
    - Alamofire
    - SnapKit

EXTERNAL SOURCES:
  FPSDK:
    :path: "../"

SPEC CHECKSUMS:
  Alamofire: 85e8a02c69d6020a0d734f6054870d7ecb75cf18
  FPSDK: 79fe0938a11c4205d425cad033252915dc9f4be8
  SnapKit: fe8a619752f3f27075cc9a90244d75c6c3f27e2a

PODFILE CHECKSUM: 7d413615d8cd9a4b9dee006119689b3d73c99e67

COCOAPODS: 1.11.3
